
Microsoft Visual Studio Solution File, Format Version 12.00
# Visual Studio 15
VisualStudioVersion = 15.0.26124.0
MinimumVisualStudioVersion = 15.0.26124.0
Project("{FAE04EC0-301F-11D3-BF4B-00C04F79EFBC}") = "GenericAlgorithms", "GenericAlgorithms\GenericAlgorithms.csproj", "{A5754B72-4635-4E11-B675-C20AA1F30698}"
EndProject
Project("{FAE04EC0-301F-11D3-BF4B-00C04F79EFBC}") = "GenericAlgorithmsTesting", "GenericAlgorithmsTesting\GenericAlgorithmsTesting.csproj", "{AF174F64-0B63-4172-BE70-2B9D77E0E020}"
EndProject
Project("{FAE04EC0-301F-11D3-BF4B-00C04F79EFBC}") = "GetStats", "GetStats\GetStats.csproj", "{10F57B46-0524-4431-A514-9DA43B537F92}"
EndProject
Global
	GlobalSection(SolutionConfigurationPlatforms) = preSolution
		Debug|Any CPU = Debug|Any CPU
		Debug|x64 = Debug|x64
		Debug|x86 = Debug|x86
		Release|Any CPU = Release|Any CPU
		Release|x64 = Release|x64
		Release|x86 = Release|x86
	EndGlobalSection
	GlobalSection(SolutionProperties) = preSolution
		HideSolutionNode = FALSE
	EndGlobalSection
	GlobalSection(ProjectConfigurationPlatforms) = postSolution
		{A5754B72-4635-4E11-B675-C20AA1F30698}.Debug|Any CPU.ActiveCfg = Debug|Any CPU
		{A5754B72-4635-4E11-B675-C20AA1F30698}.Debug|Any CPU.Build.0 = Debug|Any CPU
		{A5754B72-4635-4E11-B675-C20AA1F30698}.Debug|x64.ActiveCfg = Debug|Any CPU
		{A5754B72-4635-4E11-B675-C20AA1F30698}.Debug|x64.Build.0 = Debug|Any CPU
		{A5754B72-4635-4E11-B675-C20AA1F30698}.Debug|x86.ActiveCfg = Debug|Any CPU
		{A5754B72-4635-4E11-B675-C20AA1F30698}.Debug|x86.Build.0 = Debug|Any CPU
		{A5754B72-4635-4E11-B675-C20AA1F30698}.Release|Any CPU.ActiveCfg = Release|Any CPU
		{A5754B72-4635-4E11-B675-C20AA1F30698}.Release|Any CPU.Build.0 = Release|Any CPU
		{A5754B72-4635-4E11-B675-C20AA1F30698}.Release|x64.ActiveCfg = Release|Any CPU
		{A5754B72-4635-4E11-B675-C20AA1F30698}.Release|x64.Build.0 = Release|Any CPU
		{A5754B72-4635-4E11-B675-C20AA1F30698}.Release|x86.ActiveCfg = Release|Any CPU
		{A5754B72-4635-4E11-B675-C20AA1F30698}.Release|x86.Build.0 = Release|Any CPU
		{AF174F64-0B63-4172-BE70-2B9D77E0E020}.Debug|Any CPU.ActiveCfg = Debug|Any CPU
		{AF174F64-0B63-4172-BE70-2B9D77E0E020}.Debug|Any CPU.Build.0 = Debug|Any CPU
		{AF174F64-0B63-4172-BE70-2B9D77E0E020}.Debug|x64.ActiveCfg = Debug|Any CPU
		{AF174F64-0B63-4172-BE70-2B9D77E0E020}.Debug|x64.Build.0 = Debug|Any CPU
		{AF174F64-0B63-4172-BE70-2B9D77E0E020}.Debug|x86.ActiveCfg = Debug|Any CPU
		{AF174F64-0B63-4172-BE70-2B9D77E0E020}.Debug|x86.Build.0 = Debug|Any CPU
		{AF174F64-0B63-4172-BE70-2B9D77E0E020}.Release|Any CPU.ActiveCfg = Release|Any CPU
		{AF174F64-0B63-4172-BE70-2B9D77E0E020}.Release|Any CPU.Build.0 = Release|Any CPU
		{AF174F64-0B63-4172-BE70-2B9D77E0E020}.Release|x64.ActiveCfg = Release|Any CPU
		{AF174F64-0B63-4172-BE70-2B9D77E0E020}.Release|x64.Build.0 = Release|Any CPU
		{AF174F64-0B63-4172-BE70-2B9D77E0E020}.Release|x86.ActiveCfg = Release|Any CPU
		{AF174F64-0B63-4172-BE70-2B9D77E0E020}.Release|x86.Build.0 = Release|Any CPU
		{10F57B46-0524-4431-A514-9DA43B537F92}.Debug|Any CPU.ActiveCfg = Debug|Any CPU
		{10F57B46-0524-4431-A514-9DA43B537F92}.Debug|Any CPU.Build.0 = Debug|Any CPU
		{10F57B46-0524-4431-A514-9DA43B537F92}.Debug|x64.ActiveCfg = Debug|Any CPU
		{10F57B46-0524-4431-A514-9DA43B537F92}.Debug|x64.Build.0 = Debug|Any CPU
		{10F57B46-0524-4431-A514-9DA43B537F92}.Debug|x86.ActiveCfg = Debug|Any CPU
		{10F57B46-0524-4431-A514-9DA43B537F92}.Debug|x86.Build.0 = Debug|Any CPU
		{10F57B46-0524-4431-A514-9DA43B537F92}.Release|Any CPU.ActiveCfg = Release|Any CPU
		{10F57B46-0524-4431-A514-9DA43B537F92}.Release|Any CPU.Build.0 = Release|Any CPU
		{10F57B46-0524-4431-A514-9DA43B537F92}.Release|x64.ActiveCfg = Release|Any CPU
		{10F57B46-0524-4431-A514-9DA43B537F92}.Release|x64.Build.0 = Release|Any CPU
		{10F57B46-0524-4431-A514-9DA43B537F92}.Release|x86.ActiveCfg = Release|Any CPU
		{10F57B46-0524-4431-A514-9DA43B537F92}.Release|x86.Build.0 = Release|Any CPU
	EndGlobalSection
EndGlobal
